# THIS IS AN AUTOGENERATED FILE. DO NOT EDIT THIS FILE DIRECTLY.
# yarn lockfile v1


"@antv/adjust@~0.1.1":
  "integrity" "sha512-9FaMOyBlM4AgoRL0b5o0VhEKAYkexBNUrxV8XmpHU/9NBPJONBOB/NZUlQDqxtLItrt91tCfbAuMQmF529UX2Q=="
  "resolved" "https://registry.npmmirror.com/@antv/adjust/-/adjust-0.1.1.tgz"
  "version" "0.1.1"
  dependencies:
    "@antv/util" "~1.3.1"

"@antv/f2@~3.7.0":
  "integrity" "sha512-ZPwgKd/ycQAQBhNoOn7+silxURYJVgtRv/q7f68X9++XRvitQPwtDnpUsR0gyLUbFO1XiFbhXtbRx8RzyZWFdg=="
  "resolved" "https://registry.npmmirror.com/@antv/f2/-/f2-3.7.8.tgz"
  "version" "3.7.8"
  dependencies:
    "@antv/adjust" "~0.1.1"
    "@antv/scale" "~0.3.3"
    "@antv/util" "~2.0.6"
    "@babel/runtime" "^7.7.7"
    "@types/hammerjs" "^2.0.36"
    "hammerjs" "^2.0.8"
    "type-fest" "^0.15.1"

"@antv/gl-matrix@^2.7.1":
  "integrity" "sha512-oOWcVNlpELIKi9x+Mm1Vwbz8pXfkbJKykoCIOJ/dNK79hSIANbpXJ5d3Rra9/wZqK6MC961B7sybFhPlLraT3Q=="
  "resolved" "https://registry.npmmirror.com/@antv/gl-matrix/-/gl-matrix-2.7.1.tgz"
  "version" "2.7.1"

"@antv/scale@~0.3.3":
  "integrity" "sha512-GHwE6Lo7S/Q5fgaLPaCsW+CH+3zl4aXpnN1skOiEY0Ue9/u+s2EySv6aDXYkAqs//i0uilMDD/0/4n8caX9U9w=="
  "resolved" "https://registry.npmmirror.com/@antv/scale/-/scale-0.3.18.tgz"
  "version" "0.3.18"
  dependencies:
    "@antv/util" "~2.0.3"
    "fecha" "~4.2.0"
    "tslib" "^2.0.0"

"@antv/util@~1.3.1":
  "integrity" "sha512-cbUta0hIJrKEaW3eKoGarz3Ita+9qUPF2YzTj8A6wds/nNiy20G26ztIWHU+5ThLc13B1n5Ik52LbaCaeg9enA=="
  "resolved" "https://registry.npmmirror.com/@antv/util/-/util-1.3.1.tgz"
  "version" "1.3.1"
  dependencies:
    "@antv/gl-matrix" "^2.7.1"

"@antv/util@~2.0.3", "@antv/util@~2.0.6":
  "integrity" "sha512-o6I9hi5CIUvLGDhth0RxNSFDRwXeywmt6ExR4+RmVAzIi48ps6HUy+svxOCayvrPBN37uE6TAc2KDofRo0nK9Q=="
  "resolved" "https://registry.npmmirror.com/@antv/util/-/util-2.0.17.tgz"
  "version" "2.0.17"
  dependencies:
    "csstype" "^3.0.8"
    "tslib" "^2.0.3"

"@antv/wx-f2@^2.1.1":
  "integrity" "sha512-15S+Fz9NYFpZvXHaOM65lcNWEpsx7SmIyDDGMDZ0/beNW2T4DkxBdJwVLjE/SBIZc7kbQKJsC8n2p4HLbHcJYg=="
  "resolved" "https://registry.npmmirror.com/@antv/wx-f2/-/wx-f2-2.1.1.tgz"
  "version" "2.1.1"
  dependencies:
    "@antv/f2" "~3.7.0"

"@babel/runtime@^7.7.7":
  "integrity" "sha512-lkqXDcvlFT5rvEjiu6+QYO+1GXrEHRo2LOtS7E4GtX5ESIZOgepqsZBVIj6Pv+a6zqsya9VCgiK1KAK4BvJDAw=="
  "resolved" "https://registry.npmmirror.com/@babel/runtime/-/runtime-7.18.9.tgz"
  "version" "7.18.9"
  dependencies:
    "regenerator-runtime" "^0.13.4"

"@types/hammerjs@^2.0.36":
  "integrity" "sha512-ewXv/ceBaJprikMcxCmWU1FKyMAQ2X7a9Gtmzw8fcg2kIePI1crERDM818W+XYrxqdBBOdlf2rm137bU+BltCA=="
  "resolved" "https://registry.npmmirror.com/@types/hammerjs/-/hammerjs-2.0.41.tgz"
  "version" "2.0.41"

"call-bind@^1.0.0":
  "integrity" "sha512-7O+FbCihrB5WGbFYesctwmTKae6rOiIzmz1icreWJ+0aA7LJfuqhEso2T9ncpcFtzMQtzXf2QGGueWJGTYsqrA=="
  "resolved" "https://registry.npmmirror.com/call-bind/-/call-bind-1.0.2.tgz"
  "version" "1.0.2"
  dependencies:
    "function-bind" "^1.1.1"
    "get-intrinsic" "^1.0.2"

"csstype@^3.0.8":
  "integrity" "sha512-uX1KG+x9h5hIJsaKR9xHUeUraxf8IODOwq9JLNPq6BwB04a/xgpq3rcx47l5BZu5zBPlgD342tdke3Hom/nJRA=="
  "resolved" "https://registry.npmmirror.com/csstype/-/csstype-3.1.0.tgz"
  "version" "3.1.0"

"dayjs@^1.11.3":
  "integrity" "sha512-xxwlswWOlGhzgQ4TKzASQkUhqERI3egRNqgV4ScR8wlANA/A9tZ7miXa44vTTKEq5l7vWoL5G57bG3zA+Kow0A=="
  "resolved" "https://registry.npmmirror.com/dayjs/-/dayjs-1.11.3.tgz"
  "version" "1.11.3"

"fecha@~4.2.0":
  "integrity" "sha512-OP2IUU6HeYKJi3i0z4A19kHMQoLVs4Hc+DPqqxI2h/DPZHTm/vjsfC6P0b4jCMy14XizLBqvndQ+UilD7707Jw=="
  "resolved" "https://registry.npmmirror.com/fecha/-/fecha-4.2.3.tgz"
  "version" "4.2.3"

"function-bind@^1.1.1":
  "integrity" "sha512-yIovAzMX49sF8Yl58fSCWJ5svSLuaibPxXQJFLmBObTuCr0Mf1KiPopGM9NiFjiYBCbfaa2Fh6breQ6ANVTI0A=="
  "resolved" "https://registry.npmmirror.com/function-bind/-/function-bind-1.1.1.tgz"
  "version" "1.1.1"

"get-intrinsic@^1.0.2":
  "integrity" "sha512-Jfm3OyCxHh9DJyc28qGk+JmfkpO41A4XkneDSujN9MDXrm4oDKdHvndhZ2dN94+ERNfkYJWDclW6k2L/ZGHjXA=="
  "resolved" "https://registry.npmmirror.com/get-intrinsic/-/get-intrinsic-1.1.2.tgz"
  "version" "1.1.2"
  dependencies:
    "function-bind" "^1.1.1"
    "has" "^1.0.3"
    "has-symbols" "^1.0.3"

"hammerjs@^2.0.8":
  "integrity" "sha512-tSQXBXS/MWQOn/RKckawJ61vvsDpCom87JgxiYdGwHdOa0ht0vzUWDlfioofFCRU0L+6NGDt6XzbgoJvZkMeRQ=="
  "resolved" "https://registry.npmmirror.com/hammerjs/-/hammerjs-2.0.8.tgz"
  "version" "2.0.8"

"has-symbols@^1.0.3":
  "integrity" "sha512-l3LCuF6MgDNwTDKkdYGEihYjt5pRPbEg46rtlmnSPlUbgmB8LOIrKJbYYFBSbnPaJexMKtiPO8hmeRjRz2Td+A=="
  "resolved" "https://registry.npmmirror.com/has-symbols/-/has-symbols-1.0.3.tgz"
  "version" "1.0.3"

"has@^1.0.3":
  "integrity" "sha512-f2dvO0VU6Oej7RkWJGrehjbzMAjFp5/VKPp5tTpWIV4JHHZK1/BxbFRtf/siA2SWTe09caDmVtYYzWEIbBS4zw=="
  "resolved" "https://registry.npmmirror.com/has/-/has-1.0.3.tgz"
  "version" "1.0.3"
  dependencies:
    "function-bind" "^1.1.1"

"object-inspect@^1.9.0":
  "integrity" "sha512-z+cPxW0QGUp0mcqcsgQyLVRDoXFQbXOwBaqyF7VIgI4TWNQsDHrBpUQslRmIfAoYWdYzs6UlKJtB2XJpTaNSpQ=="
  "resolved" "https://registry.npmmirror.com/object-inspect/-/object-inspect-1.12.2.tgz"
  "version" "1.12.2"

"qs@^6.11.0":
  "integrity" "sha512-MvjoMCJwEarSbUYk5O+nmoSzSutSsTwF85zcHPQ9OrlFoZOYIjaqBAJIqIXjptyD5vThxGq52Xu/MaJzRkIk4Q=="
  "resolved" "https://registry.npmmirror.com/qs/-/qs-6.11.0.tgz"
  "version" "6.11.0"
  dependencies:
    "side-channel" "^1.0.4"

"regenerator-runtime@^0.13.4":
  "integrity" "sha512-p3VT+cOEgxFsRRA9X4lkI1E+k2/CtnKtU4gcxyaCUreilL/vqI6CdZ3wxVUx3UOUg+gnUOQQcRI7BmSI656MYA=="
  "resolved" "https://registry.npmmirror.com/regenerator-runtime/-/regenerator-runtime-0.13.9.tgz"
  "version" "0.13.9"

"side-channel@^1.0.4":
  "integrity" "sha512-q5XPytqFEIKHkGdiMIrY10mvLRvnQh42/+GoBlFW3b2LXLE2xxJpZFdm94we0BaoV3RwJyGqg5wS7epxTv0Zvw=="
  "resolved" "https://registry.npmmirror.com/side-channel/-/side-channel-1.0.4.tgz"
  "version" "1.0.4"
  dependencies:
    "call-bind" "^1.0.0"
    "get-intrinsic" "^1.0.2"
    "object-inspect" "^1.9.0"

"tslib@^2.0.0", "tslib@^2.0.3":
  "integrity" "sha512-d6xOpEDfsi2CZVlPQzGeux8XMwLT9hssAsaPYExaQMuYskwb+x1x7J371tWlbBdWHroy99KnVB6qIkUbs5X3UQ=="
  "resolved" "https://registry.npmmirror.com/tslib/-/tslib-2.4.0.tgz"
  "version" "2.4.0"

"type-fest@^0.15.1":
  "integrity" "sha512-n+UXrN8i5ioo7kqT/nF8xsEzLaqFra7k32SEsSPwvXVGyAcRgV/FUQN/sgfptJTR1oRmmq7z4IXMFSM7im7C9A=="
  "resolved" "https://registry.npmmirror.com/type-fest/-/type-fest-0.15.1.tgz"
  "version" "0.15.1"
